<?xml version="1.0" encoding="utf-8"?>
<Project ToolsVersion="4.0" xmlns="http://schemas.microsoft.com/developer/msbuild/2003">
  <ItemGroup>
    <Filter Include="소스 파일">
      <UniqueIdentifier>{4FC737F1-C7A5-4376-A066-2A32D752A2FF}</UniqueIdentifier>
      <Extensions>cpp;c;cc;cxx;c++;cppm;ixx;def;odl;idl;hpj;bat;asm;asmx</Extensions>
    </Filter>
    <Filter Include="헤더 파일">
      <UniqueIdentifier>{93995380-89BD-4b04-88EB-625FBE52EBFB}</UniqueIdentifier>
      <Extensions>h;hh;hpp;hxx;h++;hm;inl;inc;ipp;xsd</Extensions>
    </Filter>
    <Filter Include="리소스 파일">
      <UniqueIdentifier>{67DA6AB6-F800-4c08-8B7A-83BB121AAD01}</UniqueIdentifier>
      <Extensions>rc;ico;cur;bmp;dlg;rc2;rct;bin;rgs;gif;jpg;jpeg;jpe;resx;tiff;tif;png;wav;mfcribbon-ms</Extensions>
    </Filter>
  </ItemGroup>
  <ItemGroup>
    <ClInclude Include="Src\App\Win32\framework.h">
      <Filter>헤더 파일</Filter>
    </ClInclude>
    <ClInclude Include="Src\App\Win32\Resource.h">
      <Filter>헤더 파일</Filter>
    </ClInclude>
    <ClInclude Include="Src\App\Win32\targetver.h">
      <Filter>헤더 파일</Filter>
    </ClInclude>
    <ClInclude Include="Src\App\Win32\GameApp.h">
      <Filter>헤더 파일</Filter>
    </ClInclude>
    <ClInclude Include="Src\Rendering\RHI\GraphicsCommon.h">
      <Filter>헤더 파일</Filter>
    </ClInclude>
    <ClInclude Include="Src\Rendering\RHI\IGraphicsDevice.h">
      <Filter>헤더 파일</Filter>
    </ClInclude>
    <ClInclude Include="Src\Rendering\RHI\IGpuResource.h">
      <Filter>헤더 파일</Filter>
    </ClInclude>
    <ClInclude Include="Src\Rendering\RHI\IBuffer.h">
      <Filter>헤더 파일</Filter>
    </ClInclude>
    <ClInclude Include="Src\Rendering\RHI\ICommandList.h">
      <Filter>헤더 파일</Filter>
    </ClInclude>
    <ClInclude Include="Src\Rendering\Backends\DirectX12\DX12Device.h">
      <Filter>헤더 파일</Filter>
    </ClInclude>
    <ClInclude Include="Src\Rendering\Backends\DirectX12\d3dx12.h">
      <Filter>헤더 파일</Filter>
    </ClInclude>
    <ClInclude Include="Src\Rendering\Backends\DirectX12\DX12CommandList.h">
      <Filter>헤더 파일</Filter>
    </ClInclude>
    <ClInclude Include="Src\Utilities\Utils.h">
      <Filter>헤더 파일</Filter>
    </ClInclude>
    <ClInclude Include="Src\Rendering\Backends\DirectX12\DX12Resource.h">
      <Filter>헤더 파일</Filter>
    </ClInclude>
    <ClInclude Include="Src\Rendering\Backends\Vulkan\VulkanDevice.h">
      <Filter>헤더 파일</Filter>
    </ClInclude>
    <ClInclude Include="Src\Rendering\Backends\Vulkan\VulkanCommon.h">
      <Filter>헤더 파일</Filter>
    </ClInclude>
    <ClInclude Include="Src\Rendering\Backends\Vulkan\VulkanResource.h">
      <Filter>헤더 파일</Filter>
    </ClInclude>
    <ClInclude Include="Src\Rendering\Backends\Vulkan\VulkanCommandList.h">
      <Filter>헤더 파일</Filter>
    </ClInclude>
    <ClInclude Include="Src\Rendering\Backends\Vulkan\VulkanBuffer.h">
      <Filter>헤더 파일</Filter>
    </ClInclude>
    <ClInclude Include="Src\Rendering\Backends\DirectX12\DX12Buffer.h">
      <Filter>헤더 파일</Filter>
    </ClInclude>
    <ClInclude Include="Src\Core\Engine\Engine.h">
      <Filter>헤더 파일</Filter>
    </ClInclude>
    <ClInclude Include="Src\Core\Engine\EngineStartupOptions.h">
      <Filter>헤더 파일</Filter>
    </ClInclude>
    <ClInclude Include="Src\ECS\ComponentPool.h">
      <Filter>헤더 파일</Filter>
    </ClInclude>
    <ClInclude Include="Src\ECS\ECS.h">
      <Filter>헤더 파일</Filter>
    </ClInclude>
    <ClInclude Include="Src\ECS\ECSWorld.h">
      <Filter>헤더 파일</Filter>
    </ClInclude>
    <ClInclude Include="Src\ECS\Entity.h">
      <Filter>헤더 파일</Filter>
    </ClInclude>
    <ClInclude Include="Src\ECS\View.h">
      <Filter>헤더 파일</Filter>
    </ClInclude>
    <ClInclude Include="Src\Input\InputSystem.h">
      <Filter>헤더 파일</Filter>
    </ClInclude>
    <ClInclude Include="Src\Math\Camera.h">
      <Filter>헤더 파일</Filter>
    </ClInclude>
    <ClInclude Include="Src\Utilities\ShaderUtils.h">
      <Filter>헤더 파일</Filter>
    </ClInclude>
    <ClInclude Include="Src\Assets\StaticMesh.h">
      <Filter>헤더 파일</Filter>
    </ClInclude>
    <ClInclude Include="Src\Assets\AssimpModelLoader.h">
      <Filter>헤더 파일</Filter>
    </ClInclude>
    <ClInclude Include="Src\Math\MathHelpers.h">
      <Filter>헤더 파일</Filter>
    </ClInclude>
    <ClInclude Include="Src\Math\Transform.h">
      <Filter>헤더 파일</Filter>
    </ClInclude>
    <ClInclude Include="Src\Projects\ProjectService.h">
      <Filter>헤더 파일</Filter>
    </ClInclude>
    <ClInclude Include="Src\Scene\TransformComponent.h">
      <Filter>헤더 파일</Filter>
    </ClInclude>
    <ClInclude Include="Src\Scripting\ScriptRuntime.h">
      <Filter>헤더 파일</Filter>
    </ClInclude>
    <ClInclude Include="Src\Scene\Scene.h">
      <Filter>헤더 파일</Filter>
    </ClInclude>
    <ClInclude Include="Src\Scene\SceneComponents.h">
      <Filter>헤더 파일</Filter>
    </ClInclude>
    <ClInclude Include="Src\Scene\SceneComponentStore.h">
      <Filter>헤더 파일</Filter>
    </ClInclude>
    <ClInclude Include="Src\Scene\PickingSystem.h">
      <Filter>헤더 파일</Filter>
    </ClInclude>
    <ClInclude Include="Src\Animation\AnimationSystem.h">
      <Filter>헤더 파일</Filter>
    </ClInclude>
    <ClInclude Include="Src\Rendering\Systems\RenderSystem.h">
      <Filter>헤더 파일</Filter>
    </ClInclude>
    <ClInclude Include="Src\Scene\SceneLoader.h">
      <Filter>헤더 파일</Filter>
    </ClInclude>
    <ClInclude Include="Src\Scene\ScenePersistenceService.h">
      <Filter>헤더 파일</Filter>
    </ClInclude>
    <ClInclude Include="Src\Scene\SceneRenderState.h">
      <Filter>헤더 파일</Filter>
    </ClInclude>
    <ClInclude Include="Src\Scene\SceneTypes.h">
      <Filter>헤더 파일</Filter>
    </ClInclude>
    <ClInclude Include="Src\Rendering\Resources\MaterialTextureSystem.h">
      <Filter>헤더 파일</Filter>
    </ClInclude>
    <ClInclude Include="Src\Rendering\RenderMode.h">
      <Filter>헤더 파일</Filter>
    </ClInclude>
    <ClInclude Include="Src\Rendering\GraphicsRuntime.h">
      <Filter>헤더 파일</Filter>
    </ClInclude>
    <ClInclude Include="Src\Editor\EditorLayer.h">
      <Filter>헤더 파일</Filter>
    </ClInclude>
    <ClInclude Include="Src\Samples\Spider\SpiderSampleScene.h">
      <Filter>헤더 파일</Filter>
    </ClInclude>
    <ClInclude Include="Src\Samples\Benchmark\BenchmarkComponents.h">
      <Filter>헤더 파일</Filter>
    </ClInclude>
    <ClInclude Include="Src\Samples\Benchmark\BenchmarkRunner.h">
      <Filter>헤더 파일</Filter>
    </ClInclude>
    <ClInclude Include="Src\Samples\Benchmark\BenchmarkSimulation.h">
      <Filter>헤더 파일</Filter>
    </ClInclude>
    <ClInclude Include="Src\Samples\Benchmark\BenchmarkTypes.h">
      <Filter>헤더 파일</Filter>
    </ClInclude>
    <ClInclude Include="Src\Samples\Benchmark\EcsObjectStore.h">
      <Filter>헤더 파일</Filter>
    </ClInclude>
    <ClInclude Include="Src\Samples\Benchmark\NonEcsObjectStore.h">
      <Filter>헤더 파일</Filter>
    </ClInclude>
    <ClInclude Include="Src\Rendering\Systems\StaticMeshRenderer.h">
      <Filter>헤더 파일</Filter>
    </ClInclude>
    <ClInclude Include="Src\Assets\AssetFileSystem.h">
      <Filter>헤더 파일</Filter>
    </ClInclude>
    <ClInclude Include="Src\Assets\AssetDatabase.h">
      <Filter>헤더 파일</Filter>
    </ClInclude>
    <ClInclude Include="Src\Assets\AssetHotReloadService.h">
      <Filter>헤더 파일</Filter>
    </ClInclude>
    <ClInclude Include="Src\Assets\AssetImportService.h">
      <Filter>헤더 파일</Filter>
    </ClInclude>
    <ClInclude Include="Src\Assets\AssetImportSettings.h">
      <Filter>헤더 파일</Filter>
    </ClInclude>
    <ClInclude Include="Src\Assets\PrimitiveMeshFactory.h">
      <Filter>헤더 파일</Filter>
    </ClInclude>
    <ClInclude Include="Src\Assets\RuntimeAssetRegistry.h">
      <Filter>헤더 파일</Filter>
    </ClInclude>
    <ClInclude Include="Src\Assets\TextureMatching.h">
      <Filter>헤더 파일</Filter>
    </ClInclude>
    <ClInclude Include="Src\Physics\PhysicsComponents.h">
      <Filter>헤더 파일</Filter>
    </ClInclude>
    <ClInclude Include="Src\Physics\PhysicsWorld.h">
      <Filter>헤더 파일</Filter>
    </ClInclude>
    <ClInclude Include="Src\Physics\PhysXBackend.h">
      <Filter>헤더 파일</Filter>
    </ClInclude>
    <ClInclude Include="Src\Memory\FixedBlockPoolAllocator.h">
      <Filter>헤더 파일</Filter>
    </ClInclude>
    <ClInclude Include="Src\Memory\IAllocator.h">
      <Filter>헤더 파일</Filter>
    </ClInclude>
    <ClInclude Include="Src\Memory\LinearFrameAllocator.h">
      <Filter>헤더 파일</Filter>
    </ClInclude>
    <ClInclude Include="Src\Memory\MemorySystem.h">
      <Filter>헤더 파일</Filter>
    </ClInclude>
    <ClInclude Include="Src\Memory\MemoryTypes.h">
      <Filter>헤더 파일</Filter>
    </ClInclude>
    <ClInclude Include="Src\Memory\StdAllocator.h">
      <Filter>헤더 파일</Filter>
    </ClInclude>
    <ClInclude Include="Src\Memory\TrackedAllocator.h">
      <Filter>헤더 파일</Filter>
    </ClInclude>
    <ClInclude Include="Src\Jobs\FramePhaseScheduler.h">
      <Filter>헤더 파일</Filter>
    </ClInclude>
    <ClInclude Include="Src\Jobs\JobSystem.h">
      <Filter>헤더 파일</Filter>
    </ClInclude>
    <ClInclude Include="Src\Jobs\SceneCommandBuffer.h">
      <Filter>헤더 파일</Filter>
    </ClInclude>
    <ClInclude Include="Src\Jobs\SystemInterfaces.h">
      <Filter>헤더 파일</Filter>
    </ClInclude>
    <ClInclude Include="Src\Resources\ResourceManager.h">
      <Filter>헤더 파일</Filter>
    </ClInclude>
    <ClInclude Include="Src\Resources\ResourceTypes.h">
      <Filter>헤더 파일</Filter>
    </ClInclude>
    <ClInclude Include="Src\Materials\MaterialResource.h">
      <Filter>헤더 파일</Filter>
    </ClInclude>
    <ClInclude Include="Src\Materials\ShaderVariant.h">
      <Filter>헤더 파일</Filter>
    </ClInclude>
    <ClInclude Include="Src\Rendering\Graph\RenderGraph.h">
      <Filter>헤더 파일</Filter>
    </ClInclude>
    <ClInclude Include="Src\Rendering\Lighting\ShadowSystem.h">
      <Filter>헤더 파일</Filter>
    </ClInclude>
    <ClInclude Include="Src\Rendering\Post\PostProcessSystem.h">
      <Filter>헤더 파일</Filter>
    </ClInclude>
    <ClInclude Include="Src\Rendering\Sky\SkyboxAsset.h">
      <Filter>헤더 파일</Filter>
    </ClInclude>
    <ClInclude Include="Src\Rendering\Sky\SkyboxSettings.h">
      <Filter>헤더 파일</Filter>
    </ClInclude>
    <ClInclude Include="Src\Editor\EditorCommandStack.h">
      <Filter>헤더 파일</Filter>
    </ClInclude>
    <ClInclude Include="Src\Projects\ProjectBuildService.h">
      <Filter>헤더 파일</Filter>
    </ClInclude>
    <ClInclude Include="Src\Reflection\SceneComponentReflection.h">
      <Filter>헤더 파일</Filter>
    </ClInclude>
    <ClInclude Include="Src\Scene\PrefabService.h">
      <Filter>헤더 파일</Filter>
    </ClInclude>
  </ItemGroup>
  <ItemGroup>
    <ClCompile Include="Src\App\Win32\main.cpp">
      <Filter>소스 파일</Filter>
    </ClCompile>
    <ClCompile Include="Src\App\Win32\GameApp.cpp">
      <Filter>소스 파일</Filter>
    </ClCompile>
    <ClCompile Include="Src\Rendering\Backends\DirectX12\DX12Device.cpp">
      <Filter>소스 파일</Filter>
    </ClCompile>
    <ClCompile Include="Src\Rendering\Backends\DirectX12\DX12CommandList.cpp">
      <Filter>소스 파일</Filter>
    </ClCompile>
    <ClCompile Include="Src\Rendering\RHI\IGraphicsDevice.cpp">
      <Filter>소스 파일</Filter>
    </ClCompile>
    <ClCompile Include="Src\Rendering\Backends\Vulkan\VulkanCommandList.cpp">
      <Filter>소스 파일</Filter>
    </ClCompile>
    <ClCompile Include="Src\Rendering\Backends\Vulkan\VulkanDevice.cpp">
      <Filter>소스 파일</Filter>
    </ClCompile>
    <ClCompile Include="Src\Rendering\Backends\Vulkan\VulkanBuffer.cpp">
      <Filter>소스 파일</Filter>
    </ClCompile>
    <ClCompile Include="Src\Rendering\Backends\DirectX12\DX12Buffer.cpp">
      <Filter>소스 파일</Filter>
    </ClCompile>
    <ClCompile Include="Src\Core\Engine\Engine.cpp">
      <Filter>소스 파일</Filter>
    </ClCompile>
    <ClCompile Include="Src\Input\InputSystem.cpp">
      <Filter>소스 파일</Filter>
    </ClCompile>
    <ClCompile Include="Src\Math\Camera.cpp">
      <Filter>소스 파일</Filter>
    </ClCompile>
    <ClCompile Include="Src\Projects\ProjectService.cpp">
      <Filter>소스 파일</Filter>
    </ClCompile>
    <ClCompile Include="Src\Scene\ScenePersistenceService.cpp">
      <Filter>소스 파일</Filter>
    </ClCompile>
    <ClCompile Include="Src\Scripting\ScriptRuntime.cpp">
      <Filter>소스 파일</Filter>
    </ClCompile>
    <ClCompile Include="Src\Utilities\ShaderUtils.cpp">
      <Filter>소스 파일</Filter>
    </ClCompile>
    <ClCompile Include="Src\Assets\AssimpModelLoader.cpp">
      <Filter>소스 파일</Filter>
    </ClCompile>
    <ClCompile Include="Src\Rendering\Resources\MaterialTextureSystem.cpp">
      <Filter>소스 파일</Filter>
    </ClCompile>
    <ClCompile Include="Src\Editor\EditorLayer.cpp">
      <Filter>소스 파일</Filter>
    </ClCompile>
    <ClCompile Include="Src\Samples\Benchmark\BenchmarkRunner.cpp">
      <Filter>소스 파일</Filter>
    </ClCompile>
    <ClCompile Include="Src\Samples\Benchmark\EcsObjectStore.cpp">
      <Filter>소스 파일</Filter>
    </ClCompile>
    <ClCompile Include="Src\Samples\Benchmark\NonEcsObjectStore.cpp">
      <Filter>소스 파일</Filter>
    </ClCompile>
    <ClCompile Include="Src\Samples\Spider\SpiderSampleScene.cpp">
      <Filter>소스 파일</Filter>
    </ClCompile>
    <ClCompile Include="Src\Assets\AssetFileSystem.cpp">
      <Filter>소스 파일</Filter>
    </ClCompile>
    <ClCompile Include="Src\Assets\AssetDatabase.cpp">
      <Filter>소스 파일</Filter>
    </ClCompile>
    <ClCompile Include="Src\Assets\AssetHotReloadService.cpp">
      <Filter>소스 파일</Filter>
    </ClCompile>
    <ClCompile Include="Src\Assets\AssetImportService.cpp">
      <Filter>소스 파일</Filter>
    </ClCompile>
    <ClCompile Include="Src\Assets\AssetImportSettings.cpp">
      <Filter>소스 파일</Filter>
    </ClCompile>
    <ClCompile Include="Src\Assets\PrimitiveMeshFactory.cpp">
      <Filter>소스 파일</Filter>
    </ClCompile>
    <ClCompile Include="Src\Assets\RuntimeAssetRegistry.cpp">
      <Filter>소스 파일</Filter>
    </ClCompile>
    <ClCompile Include="Src\Physics\PhysicsWorld.cpp">
      <Filter>소스 파일</Filter>
    </ClCompile>
    <ClCompile Include="Src\Physics\PhysXBackend.cpp">
      <Filter>소스 파일</Filter>
    </ClCompile>
    <ClCompile Include="Src\Memory\FixedBlockPoolAllocator.cpp">
      <Filter>소스 파일</Filter>
    </ClCompile>
    <ClCompile Include="Src\Memory\LinearFrameAllocator.cpp">
      <Filter>소스 파일</Filter>
    </ClCompile>
    <ClCompile Include="Src\Memory\MemorySystem.cpp">
      <Filter>소스 파일</Filter>
    </ClCompile>
    <ClCompile Include="Src\Memory\TrackedAllocator.cpp">
      <Filter>소스 파일</Filter>
    </ClCompile>
    <ClCompile Include="Src\Jobs\FramePhaseScheduler.cpp">
      <Filter>소스 파일</Filter>
    </ClCompile>
    <ClCompile Include="Src\Jobs\JobSystem.cpp">
      <Filter>소스 파일</Filter>
    </ClCompile>
    <ClCompile Include="Src\Jobs\SceneCommandBuffer.cpp">
      <Filter>소스 파일</Filter>
    </ClCompile>
    <ClCompile Include="Src\Resources\ResourceManager.cpp">
      <Filter>소스 파일</Filter>
    </ClCompile>
    <ClCompile Include="Src\Materials\MaterialResource.cpp">
      <Filter>소스 파일</Filter>
    </ClCompile>
    <ClCompile Include="Src\Materials\ShaderVariant.cpp">
      <Filter>소스 파일</Filter>
    </ClCompile>
    <ClCompile Include="Src\Rendering\Graph\RenderGraph.cpp">
      <Filter>소스 파일</Filter>
    </ClCompile>
    <ClCompile Include="Src\Rendering\Lighting\ShadowSystem.cpp">
      <Filter>소스 파일</Filter>
    </ClCompile>
    <ClCompile Include="Src\Rendering\Post\PostProcessSystem.cpp">
      <Filter>소스 파일</Filter>
    </ClCompile>
    <ClCompile Include="Src\Rendering\Sky\SkyboxAsset.cpp">
      <Filter>소스 파일</Filter>
    </ClCompile>
    <ClCompile Include="Src\Editor\EditorCommandStack.cpp">
      <Filter>소스 파일</Filter>
    </ClCompile>
    <ClCompile Include="Src\Projects\ProjectBuildService.cpp">
      <Filter>소스 파일</Filter>
    </ClCompile>
    <ClCompile Include="Src\Reflection\SceneComponentReflection.cpp">
      <Filter>소스 파일</Filter>
    </ClCompile>
    <ClCompile Include="Src\Scene\PrefabService.cpp">
      <Filter>소스 파일</Filter>
    </ClCompile>
  </ItemGroup>
  <ItemGroup>
    <ResourceCompile Include="Src\App\Win32\DX12Eninge.rc">
      <Filter>리소스 파일</Filter>
    </ResourceCompile>
  </ItemGroup>
  <ItemGroup>
    <Image Include="small.ico">
      <Filter>리소스 파일</Filter>
    </Image>
    <Image Include="DX12Eninge.ico">
      <Filter>리소스 파일</Filter>
    </Image>
  </ItemGroup>
  <ItemGroup>
    <None Include="Directory.Build.props" />
    <None Include=".github\copilot-instructions.md" />
    <None Include="Directory.Build.targets" />
    <None Include="vcpkg.json" />
    <None Include="Src\Rendering\Backends\Vulkan\Shaders\DeferredGeometry.frag" />
    <None Include="Src\Rendering\Backends\Vulkan\Shaders\DeferredGeometry.vert" />
    <None Include="Src\Rendering\Backends\Vulkan\Shaders\DeferredLighting.frag" />
    <None Include="Src\Rendering\Backends\Vulkan\Shaders\DeferredLighting.vert" />
    <None Include="Src\Rendering\Backends\Vulkan\Shaders\Skybox.frag" />
    <None Include="Src\Rendering\Backends\Vulkan\Shaders\Skybox.vert" />
    <None Include="Src\Rendering\Backends\Vulkan\Shaders\ShadowDepth.vert" />
    <None Include="Src\Rendering\Backends\Vulkan\Shaders\ToneMap.frag" />
    <None Include="Src\Rendering\Backends\Vulkan\Shaders\ToneMap.vert" />
    <None Include="Src\Rendering\Backends\Vulkan\Shaders\Triangle.frag" />
    <None Include="Src\Rendering\Backends\Vulkan\Shaders\Triangle.vert" />
    <None Include="Src\Rendering\Backends\DirectX12\Shaders\DeferredGeometry.hlsl" />
    <None Include="Src\Rendering\Backends\DirectX12\Shaders\DeferredLighting.hlsl" />
    <None Include="Src\Rendering\Backends\DirectX12\Shaders\ShadowDepth.hlsl" />
    <None Include="Src\Rendering\Backends\DirectX12\Shaders\Skybox.hlsl" />
    <None Include="Src\Rendering\Backends\DirectX12\Shaders\ToneMap.hlsl" />
    <None Include="Src\Rendering\Backends\DirectX12\Shaders\Triangle.hlsl" />
  </ItemGroup>
</Project>
