<?xml version="1.0" encoding="utf-8"?>
<Project ToolsVersion="4.0" xmlns="http://schemas.microsoft.com/developer/msbuild/2003">
  <ItemGroup>
    <Filter Include="소스 파일">
      <UniqueIdentifier>{4FC737F1-C7A5-4376-A066-2A32D752A2FF}</UniqueIdentifier>
      <Extensions>cpp;c;cc;cxx;c++;cppm;ixx;def;odl;idl;hpj;bat;asm;asmx</Extensions>
    </Filter>
    <Filter Include="헤더 파일">
      <UniqueIdentifier>{93995380-89BD-4b04-88EB-625FBE52EBFB}</UniqueIdentifier>
      <Extensions>h;hh;hpp;hxx;h++;hm;inl;inc;ipp;xsd</Extensions>
    </Filter>
    <Filter Include="리소스 파일">
      <UniqueIdentifier>{67DA6AB6-F800-4c08-8B7A-83BB121AAD01}</UniqueIdentifier>
      <Extensions>rc;ico;cur;bmp;dlg;rc2;rct;bin;rgs;gif;jpg;jpeg;jpe;resx;tiff;tif;png;wav;mfcribbon-ms</Extensions>
    </Filter>
  </ItemGroup>
  <ItemGroup>
    <ClInclude Include="Src\WindowsCore\framework.h">
      <Filter>헤더 파일</Filter>
    </ClInclude>
    <ClInclude Include="Src\WindowsCore\Resource.h">
      <Filter>헤더 파일</Filter>
    </ClInclude>
    <ClInclude Include="Src\WindowsCore\targetver.h">
      <Filter>헤더 파일</Filter>
    </ClInclude>
    <ClInclude Include="Src\EngineCore\GameApp.h">
      <Filter>헤더 파일</Filter>
    </ClInclude>
    <ClInclude Include="Src\RHI\GraphicsCommon.h">
      <Filter>헤더 파일</Filter>
    </ClInclude>
    <ClInclude Include="Src\RHI\IGraphicsDevice.h">
      <Filter>헤더 파일</Filter>
    </ClInclude>
    <ClInclude Include="Src\RHI\IGpuResource.h">
      <Filter>헤더 파일</Filter>
    </ClInclude>
    <ClInclude Include="Src\RHI\IBuffer.h">
      <Filter>헤더 파일</Filter>
    </ClInclude>
    <ClInclude Include="Src\RHI\ICommandList.h">
      <Filter>헤더 파일</Filter>
    </ClInclude>
    <ClInclude Include="Src\Platform\DirectX12\DX12Device.h">
      <Filter>헤더 파일</Filter>
    </ClInclude>
    <ClInclude Include="Src\Platform\DirectX12\d3dx12.h">
      <Filter>헤더 파일</Filter>
    </ClInclude>
    <ClInclude Include="Src\Platform\DirectX12\DX12CommandList.h">
      <Filter>헤더 파일</Filter>
    </ClInclude>
    <ClInclude Include="Src\Utils\Utils.h">
      <Filter>헤더 파일</Filter>
    </ClInclude>
    <ClInclude Include="Src\Platform\DirectX12\DX12Resource.h">
      <Filter>헤더 파일</Filter>
    </ClInclude>
    <ClInclude Include="Src\Platform\Vulkan\VulkanDevice.h">
      <Filter>헤더 파일</Filter>
    </ClInclude>
    <ClInclude Include="Src\Platform\Vulkan\VulkanCommon.h">
      <Filter>헤더 파일</Filter>
    </ClInclude>
    <ClInclude Include="Src\Platform\Vulkan\VulkanResource.h">
      <Filter>헤더 파일</Filter>
    </ClInclude>
    <ClInclude Include="Src\Platform\Vulkan\VulkanCommandList.h">
      <Filter>헤더 파일</Filter>
    </ClInclude>
    <ClInclude Include="Src\Platform\Vulkan\VulkanBuffer.h">
      <Filter>헤더 파일</Filter>
    </ClInclude>
    <ClInclude Include="Src\Platform\DirectX12\DX12Buffer.h">
      <Filter>헤더 파일</Filter>
    </ClInclude>
    <ClInclude Include="Src\EngineCore\Engine.h">
      <Filter>헤더 파일</Filter>
    </ClInclude>
    <ClInclude Include="Src\Input\InputSystem.h">
      <Filter>헤더 파일</Filter>
    </ClInclude>
    <ClInclude Include="Src\Math\Camera.h">
      <Filter>헤더 파일</Filter>
    </ClInclude>
    <ClInclude Include="Src\Utilities\ShaderUtils.h">
      <Filter>헤더 파일</Filter>
    </ClInclude>
    <ClInclude Include="Src\Asset\StaticMesh.h">
      <Filter>헤더 파일</Filter>
    </ClInclude>
    <ClInclude Include="Src\Asset\AssimpModelLoader.h">
      <Filter>헤더 파일</Filter>
    </ClInclude>
    <ClInclude Include="Src\Math\MathHelpers.h">
      <Filter>헤더 파일</Filter>
    </ClInclude>
    <ClInclude Include="Src\Math\Transform.h">
      <Filter>헤더 파일</Filter>
    </ClInclude>
    <ClInclude Include="Src\EngineCore\TransformComponent.h">
      <Filter>헤더 파일</Filter>
    </ClInclude>
    <ClInclude Include="Src\EngineCore\Scene.h">
      <Filter>헤더 파일</Filter>
    </ClInclude>
    <ClInclude Include="Src\EngineCore\PickingSystem.h">
      <Filter>헤더 파일</Filter>
    </ClInclude>
    <ClInclude Include="Src\EngineCore\AnimationSystem.h">
      <Filter>헤더 파일</Filter>
    </ClInclude>
    <ClInclude Include="Src\EngineCore\RenderSystem.h">
      <Filter>헤더 파일</Filter>
    </ClInclude>
    <ClInclude Include="Src\EngineCore\SceneLoader.h">
      <Filter>헤더 파일</Filter>
    </ClInclude>
  </ItemGroup>
  <ItemGroup>
    <ClCompile Include="Src\WindowsCore\main.cpp">
      <Filter>소스 파일</Filter>
    </ClCompile>
    <ClCompile Include="Src\EngineCore\GameApp.cpp">
      <Filter>소스 파일</Filter>
    </ClCompile>
    <ClCompile Include="Src\Platform\DirectX12\DX12Device.cpp">
      <Filter>소스 파일</Filter>
    </ClCompile>
    <ClCompile Include="Src\Platform\DirectX12\DX12CommandList.cpp">
      <Filter>소스 파일</Filter>
    </ClCompile>
    <ClCompile Include="Src\RHI\IGraphicsDevice.cpp">
      <Filter>소스 파일</Filter>
    </ClCompile>
    <ClCompile Include="Src\Platform\Vulkan\VulkanCommandList.cpp">
      <Filter>소스 파일</Filter>
    </ClCompile>
    <ClCompile Include="Src\Platform\Vulkan\VulkanDevice.cpp">
      <Filter>소스 파일</Filter>
    </ClCompile>
    <ClCompile Include="Src\Platform\Vulkan\VulkanBuffer.cpp">
      <Filter>소스 파일</Filter>
    </ClCompile>
    <ClCompile Include="Src\Platform\DirectX12\DX12Buffer.cpp">
      <Filter>소스 파일</Filter>
    </ClCompile>
    <ClCompile Include="Src\EngineCore\Engine.cpp">
      <Filter>소스 파일</Filter>
    </ClCompile>
    <ClCompile Include="Src\Input\InputSystem.cpp">
      <Filter>소스 파일</Filter>
    </ClCompile>
    <ClCompile Include="Src\Math\Camera.cpp">
      <Filter>소스 파일</Filter>
    </ClCompile>
    <ClCompile Include="Src\Utilities\ShaderUtils.cpp">
      <Filter>소스 파일</Filter>
    </ClCompile>
    <ClCompile Include="Src\Asset\AssimpModelLoader.cpp">
      <Filter>소스 파일</Filter>
    </ClCompile>
  </ItemGroup>
  <ItemGroup>
    <ResourceCompile Include="Src\WindowsCore\DX12Eninge.rc">
      <Filter>리소스 파일</Filter>
    </ResourceCompile>
  </ItemGroup>
  <ItemGroup>
    <Image Include="small.ico">
      <Filter>리소스 파일</Filter>
    </Image>
    <Image Include="DX12Eninge.ico">
      <Filter>리소스 파일</Filter>
    </Image>
  </ItemGroup>
  <ItemGroup>
    <None Include="Directory.Build.props" />
    <None Include=".github\copilot-instructions.md" />
    <None Include="Directory.Build.targets" />
    <None Include="vcpkg.json" />
    <None Include="Src\Platform\Vulkan\Shaders\Triangle.frag" />
    <None Include="Src\Platform\Vulkan\Shaders\Triangle.vert" />
    <None Include="Src\Platform\DirectX12\Shaders\Triangle.hlsl" />
  </ItemGroup>
</Project>